
Microsoft Visual Studio Solution File, Format Version 12.00
# Visual Studio 15
VisualStudioVersion = 15.0.28124.53
MinimumVisualStudioVersion = 10.0.40219.1
Project("{888888A0-9F3D-457C-B088-3A5042F75D52}") = "HuarongDao", "HuarongDao\HuarongDao.pyproj", "{0DC2ECD7-38B9-466A-A8F4-6D0BC56D371D}"
EndProject
Global
	GlobalSection(SolutionConfigurationPlatforms) = preSolution
		Debug|Any CPU = Debug|Any CPU
		Release|Any CPU = Release|Any CPU
	EndGlobalSection
	GlobalSection(ProjectConfigurationPlatforms) = postSolution
		{0DC2ECD7-38B9-466A-A8F4-6D0BC56D371D}.Debug|Any CPU.ActiveCfg = Debug|Any CPU
		{0DC2ECD7-38B9-466A-A8F4-6D0BC56D371D}.Release|Any CPU.ActiveCfg = Release|Any CPU
	EndGlobalSection
	GlobalSection(SolutionProperties) = preSolution
		HideSolutionNode = FALSE
	EndGlobalSection
EndGlobal
